
Microsoft Visual Studio Solution File, Format Version 12.00
# Visual Studio Version 17
VisualStudioVersion = 17.6.33723.286
MinimumVisualStudioVersion = 10.0.40219.1
Project("{FAE04EC0-301F-11D3-BF4B-00C04F79EFBC}") = "MiniGame", "MiniGame\MiniGame.csproj", "{1A225F36-9AF8-4C85-98E0-66E68796001B}"
EndProject
Global
	GlobalSection(SolutionConfigurationPlatforms) = preSolution
		Debug|Any CPU = Debug|Any CPU
		Release|Any CPU = Release|Any CPU
	EndGlobalSection
	GlobalSection(ProjectConfigurationPlatforms) = postSolution
		{1A225F36-9AF8-4C85-98E0-66E68796001B}.Debug|Any CPU.ActiveCfg = Debug|Any CPU
		{1A225F36-9AF8-4C85-98E0-66E68796001B}.Debug|Any CPU.Build.0 = Debug|Any CPU
		{1A225F36-9AF8-4C85-98E0-66E68796001B}.Release|Any CPU.ActiveCfg = Release|Any CPU
		{1A225F36-9AF8-4C85-98E0-66E68796001B}.Release|Any CPU.Build.0 = Release|Any CPU
	EndGlobalSection
	GlobalSection(SolutionProperties) = preSolution
		HideSolutionNode = FALSE
	EndGlobalSection
	GlobalSection(ExtensibilityGlobals) = postSolution
		SolutionGuid = {2AB3328E-AAAC-485B-9B78-DB32EBBAF022}
	EndGlobalSection
EndGlobal
